
Microsoft Visual Studio Solution File, Format Version 12.00
# Visual Studio Version 17
VisualStudioVersion = 17.9.34607.119
MinimumVisualStudioVersion = 10.0.40219.1
Project("{FAE04EC0-301F-11D3-BF4B-00C04F79EFBC}") = "ConsoleApplication1", "ConsoleApplication1\ConsoleApplication1.csproj", "{4E0BE250-39F2-4C87-9C3F-9AC1FC1B7B6F}"
EndProject
Global
	GlobalSection(SolutionConfigurationPlatforms) = preSolution
		Debug|Any CPU = Debug|Any CPU
		Release|Any CPU = Release|Any CPU
	EndGlobalSection
	GlobalSection(ProjectConfigurationPlatforms) = postSolution
		{4E0BE250-39F2-4C87-9C3F-9AC1FC1B7B6F}.Debug|Any CPU.ActiveCfg = Debug|Any CPU
		{4E0BE250-39F2-4C87-9C3F-9AC1FC1B7B6F}.Debug|Any CPU.Build.0 = Debug|Any CPU
		{4E0BE250-39F2-4C87-9C3F-9AC1FC1B7B6F}.Release|Any CPU.ActiveCfg = Release|Any CPU
		{4E0BE250-39F2-4C87-9C3F-9AC1FC1B7B6F}.Release|Any CPU.Build.0 = Release|Any CPU
	EndGlobalSection
	GlobalSection(SolutionProperties) = preSolution
		HideSolutionNode = FALSE
	EndGlobalSection
	GlobalSection(ExtensibilityGlobals) = postSolution
		SolutionGuid = {DA633590-2157-45A6-8020-0D8E824D075E}
	EndGlobalSection
EndGlobal
